
Microsoft Visual Studio Solution File, Format Version 12.00
# Visual Studio Version 17
VisualStudioVersion = 17.12.35527.113 d17.12
MinimumVisualStudioVersion = 10.0.40219.1
Project("{FAE04EC0-301F-11D3-BF4B-00C04F79EFBC}") = "ForgetMeNotDemo", "ForgetMeNotDemo\ForgetMeNotDemo.csproj", "{3512424D-46DE-4C00-BBF1-6D9474878DAE}"
EndProject
Global
	GlobalSection(SolutionConfigurationPlatforms) = preSolution
		Debug|Any CPU = Debug|Any CPU
		Release|Any CPU = Release|Any CPU
	EndGlobalSection
	GlobalSection(ProjectConfigurationPlatforms) = postSolution
		{3512424D-46DE-4C00-BBF1-6D9474878DAE}.Debug|Any CPU.ActiveCfg = Debug|Any CPU
		{3512424D-46DE-4C00-BBF1-6D9474878DAE}.Debug|Any CPU.Build.0 = Debug|Any CPU
		{3512424D-46DE-4C00-BBF1-6D9474878DAE}.Release|Any CPU.ActiveCfg = Release|Any CPU
		{3512424D-46DE-4C00-BBF1-6D9474878DAE}.Release|Any CPU.Build.0 = Release|Any CPU
	EndGlobalSection
	GlobalSection(SolutionProperties) = preSolution
		HideSolutionNode = FALSE
	EndGlobalSection
EndGlobal
